Microsoft Visual Studio Solution File, Format Version 11.00
# Visual Studio 2008

Project("{458D419C-7010-8A2A-05CC-39DD2D87F977}") = "OmegaMage", "Assembly-CSharp.csproj", "{896C4E56-CD80-A9CF-DCBA-DD3EE44021A9}"
EndProject
Global
	GlobalSection(SolutionConfigurationPlatforms) = preSolution
		Debug|Any CPU = Debug|Any CPU
		Release|Any CPU = Release|Any CPU
	EndGlobalSection
	GlobalSection(ProjectConfigurationPlatforms) = postSolution
		{896C4E56-CD80-A9CF-DCBA-DD3EE44021A9}.Debug|Any CPU.ActiveCfg = Debug|Any CPU
		{896C4E56-CD80-A9CF-DCBA-DD3EE44021A9}.Debug|Any CPU.Build.0 = Debug|Any CPU
		{896C4E56-CD80-A9CF-DCBA-DD3EE44021A9}.Release|Any CPU.ActiveCfg = Release|Any CPU
		{896C4E56-CD80-A9CF-DCBA-DD3EE44021A9}.Release|Any CPU.Build.0 = Release|Any CPU
	EndGlobalSection
	GlobalSection(SolutionProperties) = preSolution
		HideSolutionNode = FALSE
	EndGlobalSection
	GlobalSection(MonoDevelopProperties) = preSolution
		StartupItem = Assembly-CSharp.csproj
	EndGlobalSection
EndGlobal
